// !$*UTF8*$!
{
	archiveVersion = 1;
	classes = {
	};
	objectVersion = 55;
	objects = {

/* Begin PBXBuildFile section */
		A6422307282F03F900FEDFA6 /* AppDelegate.swift in Sources */ = {isa = PBXBuildFile; fileRef = A6422306282F03F900FEDFA6 /* AppDelegate.swift */; };
		A642230B282F03F900FEDFA6 /* HomeViewController.swift in Sources */ = {isa = PBXBuildFile; fileRef = A642230A282F03F900FEDFA6 /* HomeViewController.swift */; };
		A6422310282F03FB00FEDFA6 /* Assets.xcassets in Resources */ = {isa = PBXBuildFile; fileRef = A642230F282F03FB00FEDFA6 /* Assets.xcassets */; };
		A6422313282F03FB00FEDFA6 /* LaunchScreen.storyboard in Resources */ = {isa = PBXBuildFile; fileRef = A6422311282F03FB00FEDFA6 /* LaunchScreen.storyboard */; };
		A6422320282F08B300FEDFA6 /* ProfileViewController.swift in Sources */ = {isa = PBXBuildFile; fileRef = A642231F282F08B300FEDFA6 /* ProfileViewController.swift */; };
		A6422322282F090B00FEDFA6 /* TabBarController.swift in Sources */ = {isa = PBXBuildFile; fileRef = A6422321282F090B00FEDFA6 /* TabBarController.swift */; };
		A6422324282F093A00FEDFA6 /* SignInViewController.swift in Sources */ = {isa = PBXBuildFile; fileRef = A6422323282F093A00FEDFA6 /* SignInViewController.swift */; };
		A6422326282F096700FEDFA6 /* SignUpViewController.swift in Sources */ = {isa = PBXBuildFile; fileRef = A6422325282F096700FEDFA6 /* SignUpViewController.swift */; };
		A6422328282F099E00FEDFA6 /* ViewPostViewController.swift in Sources */ = {isa = PBXBuildFile; fileRef = A6422327282F099E00FEDFA6 /* ViewPostViewController.swift */; };
		A642232B282F09F200FEDFA6 /* CreateNewPostViewController.swift in Sources */ = {isa = PBXBuildFile; fileRef = A642232A282F09F200FEDFA6 /* CreateNewPostViewController.swift */; };
		A642232F282F0A6B00FEDFA6 /* DatabaseManager.swift in Sources */ = {isa = PBXBuildFile; fileRef = A642232E282F0A6B00FEDFA6 /* DatabaseManager.swift */; };
		A6422331282F0A9000FEDFA6 /* AuthManager.swift in Sources */ = {isa = PBXBuildFile; fileRef = A6422330282F0A9000FEDFA6 /* AuthManager.swift */; };
		A6422333282F0AB100FEDFA6 /* StorageManager.swift in Sources */ = {isa = PBXBuildFile; fileRef = A6422332282F0AB100FEDFA6 /* StorageManager.swift */; };
		A68F24CA282F23850076C88A /* GoogleService-Info.plist in Resources */ = {isa = PBXBuildFile; fileRef = A68F24C9282F23850076C88A /* GoogleService-Info.plist */; };
		A68F24CD282F249A0076C88A /* FirebaseAnalytics in Frameworks */ = {isa = PBXBuildFile; productRef = A68F24CC282F249A0076C88A /* FirebaseAnalytics */; };
		A68F24CF282F249A0076C88A /* FirebaseAnalyticsOnDeviceConversion in Frameworks */ = {isa = PBXBuildFile; productRef = A68F24CE282F249A0076C88A /* FirebaseAnalyticsOnDeviceConversion */; };
		A68F24D1282F249A0076C88A /* FirebaseAnalyticsSwift in Frameworks */ = {isa = PBXBuildFile; productRef = A68F24D0282F249A0076C88A /* FirebaseAnalyticsSwift */; };
		A68F24D3282F249A0076C88A /* FirebaseAnalyticsWithoutAdIdSupport in Frameworks */ = {isa = PBXBuildFile; productRef = A68F24D2282F249A0076C88A /* FirebaseAnalyticsWithoutAdIdSupport */; };
		A68F24D5282F249A0076C88A /* FirebaseAppCheck in Frameworks */ = {isa = PBXBuildFile; productRef = A68F24D4282F249A0076C88A /* FirebaseAppCheck */; };
		A68F24D7282F249A0076C88A /* FirebaseAppDistribution-Beta in Frameworks */ = {isa = PBXBuildFile; productRef = A68F24D6282F249A0076C88A /* FirebaseAppDistribution-Beta */; };
		A68F24D9282F249A0076C88A /* FirebaseAuth in Frameworks */ = {isa = PBXBuildFile; productRef = A68F24D8282F249A0076C88A /* FirebaseAuth */; };
		A68F24DB282F249A0076C88A /* FirebaseAuthCombine-Community in Frameworks */ = {isa = PBXBuildFile; productRef = A68F24DA282F249A0076C88A /* FirebaseAuthCombine-Community */; };
		A68F24DD282F249A0076C88A /* FirebaseCrashlytics in Frameworks */ = {isa = PBXBuildFile; productRef = A68F24DC282F249A0076C88A /* FirebaseCrashlytics */; };
		A68F24DF282F249A0076C88A /* FirebaseDatabase in Frameworks */ = {isa = PBXBuildFile; productRef = A68F24DE282F249A0076C88A /* FirebaseDatabase */; };
		A68F24E1282F249A0076C88A /* FirebaseDatabaseSwift in Frameworks */ = {isa = PBXBuildFile; productRef = A68F24E0282F249A0076C88A /* FirebaseDatabaseSwift */; };
		A68F24E3282F249A0076C88A /* FirebaseDynamicLinks in Frameworks */ = {isa = PBXBuildFile; productRef = A68F24E2282F249A0076C88A /* FirebaseDynamicLinks */; };
		A68F24E5282F249A0076C88A /* FirebaseFirestore in Frameworks */ = {isa = PBXBuildFile; productRef = A68F24E4282F249A0076C88A /* FirebaseFirestore */; };
		A68F24E7282F249A0076C88A /* FirebaseFirestoreCombine-Community in Frameworks */ = {isa = PBXBuildFile; productRef = A68F24E6282F249A0076C88A /* FirebaseFirestoreCombine-Community */; };
		A68F24E9282F249A0076C88A /* FirebaseFirestoreSwift in Frameworks */ = {isa = PBXBuildFile; productRef = A68F24E8282F249A0076C88A /* FirebaseFirestoreSwift */; };
		A68F24EB282F249A0076C88A /* FirebaseFunctions in Frameworks */ = {isa = PBXBuildFile; productRef = A68F24EA282F249A0076C88A /* FirebaseFunctions */; };
		A68F24ED282F249A0076C88A /* FirebaseFunctionsCombine-Community in Frameworks */ = {isa = PBXBuildFile; productRef = A68F24EC282F249A0076C88A /* FirebaseFunctionsCombine-Community */; };
		A68F24EF282F249A0076C88A /* FirebaseInAppMessaging-Beta in Frameworks */ = {isa = PBXBuildFile; productRef = A68F24EE282F249A0076C88A /* FirebaseInAppMessaging-Beta */; };
		A68F24F1282F249A0076C88A /* FirebaseInAppMessagingSwift-Beta in Frameworks */ = {isa = PBXBuildFile; productRef = A68F24F0282F249A0076C88A /* FirebaseInAppMessagingSwift-Beta */; };
		A68F24F3282F249A0076C88A /* FirebaseInstallations in Frameworks */ = {isa = PBXBuildFile; productRef = A68F24F2282F249A0076C88A /* FirebaseInstallations */; };
		A68F24F5282F249A0076C88A /* FirebaseMLModelDownloader in Frameworks */ = {isa = PBXBuildFile; productRef = A68F24F4282F249A0076C88A /* FirebaseMLModelDownloader */; };
		A68F24F7282F249A0076C88A /* FirebaseMessaging in Frameworks */ = {isa = PBXBuildFile; productRef = A68F24F6282F249A0076C88A /* FirebaseMessaging */; };
		A68F24F9282F249A0076C88A /* FirebasePerformance in Frameworks */ = {isa = PBXBuildFile; productRef = A68F24F8282F249A0076C88A /* FirebasePerformance */; };
		A68F24FB282F249A0076C88A /* FirebaseRemoteConfig in Frameworks */ = {isa = PBXBuildFile; productRef = A68F24FA282F249A0076C88A /* FirebaseRemoteConfig */; };
		A68F24FD282F249A0076C88A /* FirebaseRemoteConfigSwift in Frameworks */ = {isa = PBXBuildFile; productRef = A68F24FC282F249A0076C88A /* FirebaseRemoteConfigSwift */; };
		A68F24FF282F249A0076C88A /* FirebaseStorage in Frameworks */ = {isa = PBXBuildFile; productRef = A68F24FE282F249A0076C88A /* FirebaseStorage */; };
		A68F2501282F249A0076C88A /* FirebaseStorageCombine-Community in Frameworks */ = {isa = PBXBuildFile; productRef = A68F2500282F249A0076C88A /* FirebaseStorageCombine-Community */; };
		A68F2504282F27C10076C88A /* RevenueCat in Frameworks */ = {isa = PBXBuildFile; productRef = A68F2503282F27C10076C88A /* RevenueCat */; };
		A68F250628319DF80076C88A /* User.swift in Sources */ = {isa = PBXBuildFile; fileRef = A68F250528319DF80076C88A /* User.swift */; };
		A68F250828319E070076C88A /* BlogPost.swift in Sources */ = {isa = PBXBuildFile; fileRef = A68F250728319E070076C88A /* BlogPost.swift */; };
		A68F250A2831A4CB0076C88A /* SignInView.swift in Sources */ = {isa = PBXBuildFile; fileRef = A68F25092831A4CB0076C88A /* SignInView.swift */; };
		A68F250D2831A7B70076C88A /* SignInHeaderView.swift in Sources */ = {isa = PBXBuildFile; fileRef = A68F250C2831A7B70076C88A /* SignInHeaderView.swift */; };
/* End PBXBuildFile section */

/* Begin PBXFileReference section */
		A6422303282F03F900FEDFA6 /* Blogging-App.app */ = {isa = PBXFileReference; explicitFileType = wrapper.application; includeInIndex = 0; path = "Blogging-App.app"; sourceTree = BUILT_PRODUCTS_DIR; };
		A6422306282F03F900FEDFA6 /* AppDelegate.swift */ = {isa = PBXFileReference; lastKnownFileType = sourcecode.swift; path = AppDelegate.swift; sourceTree = "<group>"; };
		A642230A282F03F900FEDFA6 /* HomeViewController.swift */ = {isa = PBXFileReference; lastKnownFileType = sourcecode.swift; path = HomeViewController.swift; sourceTree = "<group>"; };
		A642230F282F03FB00FEDFA6 /* Assets.xcassets */ = {isa = PBXFileReference; lastKnownFileType = folder.assetcatalog; path = Assets.xcassets; sourceTree = "<group>"; };
		A6422312282F03FB00FEDFA6 /* Base */ = {isa = PBXFileReference; lastKnownFileType = file.storyboard; name = Base; path = Base.lproj/LaunchScreen.storyboard; sourceTree = "<group>"; };
		A6422314282F03FB00FEDFA6 /* Info.plist */ = {isa = PBXFileReference; lastKnownFileType = text.plist.xml; path = Info.plist; sourceTree = "<group>"; };
		A642231F282F08B300FEDFA6 /* ProfileViewController.swift */ = {isa = PBXFileReference; lastKnownFileType = sourcecode.swift; path = ProfileViewController.swift; sourceTree = "<group>"; };
		A6422321282F090B00FEDFA6 /* TabBarController.swift */ = {isa = PBXFileReference; lastKnownFileType = sourcecode.swift; path = TabBarController.swift; sourceTree = "<group>"; };
		A6422323282F093A00FEDFA6 /* SignInViewController.swift */ = {isa = PBXFileReference; lastKnownFileType = sourcecode.swift; path = SignInViewController.swift; sourceTree = "<group>"; };
		A6422325282F096700FEDFA6 /* SignUpViewController.swift */ = {isa = PBXFileReference; lastKnownFileType = sourcecode.swift; path = SignUpViewController.swift; sourceTree = "<group>"; };
		A6422327282F099E00FEDFA6 /* ViewPostViewController.swift */ = {isa = PBXFileReference; lastKnownFileType = sourcecode.swift; path = ViewPostViewController.swift; sourceTree = "<group>"; };
		A642232A282F09F200FEDFA6 /* CreateNewPostViewController.swift */ = {isa = PBXFileReference; lastKnownFileType = sourcecode.swift; path = CreateNewPostViewController.swift; sourceTree = "<group>"; };
		A642232E282F0A6B00FEDFA6 /* DatabaseManager.swift */ = {isa = PBXFileReference; lastKnownFileType = sourcecode.swift; path = DatabaseManager.swift; sourceTree = "<group>"; };
		A6422330282F0A9000FEDFA6 /* AuthManager.swift */ = {isa = PBXFileReference; lastKnownFileType = sourcecode.swift; path = AuthManager.swift; sourceTree = "<group>"; };
		A6422332282F0AB100FEDFA6 /* StorageManager.swift */ = {isa = PBXFileReference; lastKnownFileType = sourcecode.swift; path = StorageManager.swift; sourceTree = "<group>"; };
		A68F24C9282F23850076C88A /* GoogleService-Info.plist */ = {isa = PBXFileReference; fileEncoding = 4; lastKnownFileType = text.plist.xml; path = "GoogleService-Info.plist"; sourceTree = "<group>"; };
		A68F250528319DF80076C88A /* User.swift */ = {isa = PBXFileReference; lastKnownFileType = sourcecode.swift; path = User.swift; sourceTree = "<group>"; };
		A68F250728319E070076C88A /* BlogPost.swift */ = {isa = PBXFileReference; lastKnownFileType = sourcecode.swift; path = BlogPost.swift; sourceTree = "<group>"; };
		A68F25092831A4CB0076C88A /* SignInView.swift */ = {isa = PBXFileReference; lastKnownFileType = sourcecode.swift; path = SignInView.swift; sourceTree = "<group>"; };
		A68F250C2831A7B70076C88A /* SignInHeaderView.swift */ = {isa = PBXFileReference; lastKnownFileType = sourcecode.swift; path = SignInHeaderView.swift; sourceTree = "<group>"; };
/* End PBXFileReference section */

/* Begin PBXFrameworksBuildPhase section */
		A6422300282F03F900FEDFA6 /* Frameworks */ = {
			isa = PBXFrameworksBuildPhase;
			buildActionMask = 2147483647;
			files = (
				A68F24DF282F249A0076C88A /* FirebaseDatabase in Frameworks */,
				A68F24ED282F249A0076C88A /* FirebaseFunctionsCombine-Community in Frameworks */,
				A68F24E5282F249A0076C88A /* FirebaseFirestore in Frameworks */,
				A68F24D1282F249A0076C88A /* FirebaseAnalyticsSwift in Frameworks */,
				A68F24CD282F249A0076C88A /* FirebaseAnalytics in Frameworks */,
				A68F24CF282F249A0076C88A /* FirebaseAnalyticsOnDeviceConversion in Frameworks */,
				A68F24F5282F249A0076C88A /* FirebaseMLModelDownloader in Frameworks */,
				A68F24E9282F249A0076C88A /* FirebaseFirestoreSwift in Frameworks */,
				A68F24D5282F249A0076C88A /* FirebaseAppCheck in Frameworks */,
				A68F24D3282F249A0076C88A /* FirebaseAnalyticsWithoutAdIdSupport in Frameworks */,
				A68F24D9282F249A0076C88A /* FirebaseAuth in Frameworks */,
				A68F24DD282F249A0076C88A /* FirebaseCrashlytics in Frameworks */,
				A68F24FD282F249A0076C88A /* FirebaseRemoteConfigSwift in Frameworks */,
				A68F24EF282F249A0076C88A /* FirebaseInAppMessaging-Beta in Frameworks */,
				A68F24E1282F249A0076C88A /* FirebaseDatabaseSwift in Frameworks */,
				A68F24EB282F249A0076C88A /* FirebaseFunctions in Frameworks */,
				A68F2504282F27C10076C88A /* RevenueCat in Frameworks */,
				A68F2501282F249A0076C88A /* FirebaseStorageCombine-Community in Frameworks */,
				A68F24FB282F249A0076C88A /* FirebaseRemoteConfig in Frameworks */,
				A68F24D7282F249A0076C88A /* FirebaseAppDistribution-Beta in Frameworks */,
				A68F24DB282F249A0076C88A /* FirebaseAuthCombine-Community in Frameworks */,
				A68F24F9282F249A0076C88A /* FirebasePerformance in Frameworks */,
				A68F24F1282F249A0076C88A /* FirebaseInAppMessagingSwift-Beta in Frameworks */,
				A68F24FF282F249A0076C88A /* FirebaseStorage in Frameworks */,
				A68F24E3282F249A0076C88A /* FirebaseDynamicLinks in Frameworks */,
				A68F24E7282F249A0076C88A /* FirebaseFirestoreCombine-Community in Frameworks */,
				A68F24F7282F249A0076C88A /* FirebaseMessaging in Frameworks */,
				A68F24F3282F249A0076C88A /* FirebaseInstallations in Frameworks */,
			);
			runOnlyForDeploymentPostprocessing = 0;
		};
/* End PBXFrameworksBuildPhase section */

/* Begin PBXGroup section */
		A64222FA282F03F900FEDFA6 = {
			isa = PBXGroup;
			children = (
				A6422305282F03F900FEDFA6 /* Blogging-App */,
				A6422304282F03F900FEDFA6 /* Products */,
			);
			sourceTree = "<group>";
		};
		A6422304282F03F900FEDFA6 /* Products */ = {
			isa = PBXGroup;
			children = (
				A6422303282F03F900FEDFA6 /* Blogging-App.app */,
			);
			name = Products;
			sourceTree = "<group>";
		};
		A6422305282F03F900FEDFA6 /* Blogging-App */ = {
			isa = PBXGroup;
			children = (
				A6422329282F09B400FEDFA6 /* ViewModels */,
				A642231E282F066200FEDFA6 /* Managers */,
				A642231D282F065600FEDFA6 /* Models */,
				A642231C282F064700FEDFA6 /* Controllers */,
				A642231B282F064200FEDFA6 /* Views */,
				A642231A282F063B00FEDFA6 /* Others */,
				A642230F282F03FB00FEDFA6 /* Assets.xcassets */,
				A6422314282F03FB00FEDFA6 /* Info.plist */,
				A68F24C9282F23850076C88A /* GoogleService-Info.plist */,
			);
			path = "Blogging-App";
			sourceTree = "<group>";
		};
		A642231A282F063B00FEDFA6 /* Others */ = {
			isa = PBXGroup;
			children = (
				A6422306282F03F900FEDFA6 /* AppDelegate.swift */,
			);
			path = Others;
			sourceTree = "<group>";
		};
		A642231B282F064200FEDFA6 /* Views */ = {
			isa = PBXGroup;
			children = (
				A68F250B2831A7A60076C88A /* SignIn */,
				A6422311282F03FB00FEDFA6 /* LaunchScreen.storyboard */,
			);
			path = Views;
			sourceTree = "<group>";
		};
		A642231C282F064700FEDFA6 /* Controllers */ = {
			isa = PBXGroup;
			children = (
				A6422336282F115500FEDFA6 /* Post */,
				A6422334282F112400FEDFA6 /* Core */,
				A6422335282F114500FEDFA6 /* Auth */,
			);
			path = Controllers;
			sourceTree = "<group>";
		};
		A642231D282F065600FEDFA6 /* Models */ = {
			isa = PBXGroup;
			children = (
				A68F250528319DF80076C88A /* User.swift */,
				A68F250728319E070076C88A /* BlogPost.swift */,
			);
			path = Models;
			sourceTree = "<group>";
		};
		A642231E282F066200FEDFA6 /* Managers */ = {
			isa = PBXGroup;
			children = (
				A642232E282F0A6B00FEDFA6 /* DatabaseManager.swift */,
				A6422330282F0A9000FEDFA6 /* AuthManager.swift */,
				A6422332282F0AB100FEDFA6 /* StorageManager.swift */,
			);
			path = Managers;
			sourceTree = "<group>";
		};
		A6422329282F09B400FEDFA6 /* ViewModels */ = {
			isa = PBXGroup;
			children = (
			);
			path = ViewModels;
			sourceTree = "<group>";
		};
		A6422334282F112400FEDFA6 /* Core */ = {
			isa = PBXGroup;
			children = (
				A642230A282F03F900FEDFA6 /* HomeViewController.swift */,
				A642231F282F08B300FEDFA6 /* ProfileViewController.swift */,
				A6422321282F090B00FEDFA6 /* TabBarController.swift */,
			);
			path = Core;
			sourceTree = "<group>";
		};
		A6422335282F114500FEDFA6 /* Auth */ = {
			isa = PBXGroup;
			children = (
				A6422323282F093A00FEDFA6 /* SignInViewController.swift */,
				A6422325282F096700FEDFA6 /* SignUpViewController.swift */,
			);
			path = Auth;
			sourceTree = "<group>";
		};
		A6422336282F115500FEDFA6 /* Post */ = {
			isa = PBXGroup;
			children = (
				A6422327282F099E00FEDFA6 /* ViewPostViewController.swift */,
				A642232A282F09F200FEDFA6 /* CreateNewPostViewController.swift */,
			);
			path = Post;
			sourceTree = "<group>";
		};
		A68F250B2831A7A60076C88A /* SignIn */ = {
			isa = PBXGroup;
			children = (
				A68F25092831A4CB0076C88A /* SignInView.swift */,
				A68F250C2831A7B70076C88A /* SignInHeaderView.swift */,
			);
			path = SignIn;
			sourceTree = "<group>";
		};
/* End PBXGroup section */

/* Begin PBXNativeTarget section */
		A6422302282F03F900FEDFA6 /* Blogging-App */ = {
			isa = PBXNativeTarget;
			buildConfigurationList = A6422317282F03FB00FEDFA6 /* Build configuration list for PBXNativeTarget "Blogging-App" */;
			buildPhases = (
				A64222FF282F03F900FEDFA6 /* Sources */,
				A6422300282F03F900FEDFA6 /* Frameworks */,
				A6422301282F03F900FEDFA6 /* Resources */,
			);
			buildRules = (
			);
			dependencies = (
			);
			name = "Blogging-App";
			packageProductDependencies = (
				A68F24CC282F249A0076C88A /* FirebaseAnalytics */,
				A68F24CE282F249A0076C88A /* FirebaseAnalyticsOnDeviceConversion */,
				A68F24D0282F249A0076C88A /* FirebaseAnalyticsSwift */,
				A68F24D2282F249A0076C88A /* FirebaseAnalyticsWithoutAdIdSupport */,
				A68F24D4282F249A0076C88A /* FirebaseAppCheck */,
				A68F24D6282F249A0076C88A /* FirebaseAppDistribution-Beta */,
				A68F24D8282F249A0076C88A /* FirebaseAuth */,
				A68F24DA282F249A0076C88A /* FirebaseAuthCombine-Community */,
				A68F24DC282F249A0076C88A /* FirebaseCrashlytics */,
				A68F24DE282F249A0076C88A /* FirebaseDatabase */,
				A68F24E0282F249A0076C88A /* FirebaseDatabaseSwift */,
				A68F24E2282F249A0076C88A /* FirebaseDynamicLinks */,
				A68F24E4282F249A0076C88A /* FirebaseFirestore */,
				A68F24E6282F249A0076C88A /* FirebaseFirestoreCombine-Community */,
				A68F24E8282F249A0076C88A /* FirebaseFirestoreSwift */,
				A68F24EA282F249A0076C88A /* FirebaseFunctions */,
				A68F24EC282F249A0076C88A /* FirebaseFunctionsCombine-Community */,
				A68F24EE282F249A0076C88A /* FirebaseInAppMessaging-Beta */,
				A68F24F0282F249A0076C88A /* FirebaseInAppMessagingSwift-Beta */,
				A68F24F2282F249A0076C88A /* FirebaseInstallations */,
				A68F24F4282F249A0076C88A /* FirebaseMLModelDownloader */,
				A68F24F6282F249A0076C88A /* FirebaseMessaging */,
				A68F24F8282F249A0076C88A /* FirebasePerformance */,
				A68F24FA282F249A0076C88A /* FirebaseRemoteConfig */,
				A68F24FC282F249A0076C88A /* FirebaseRemoteConfigSwift */,
				A68F24FE282F249A0076C88A /* FirebaseStorage */,
				A68F2500282F249A0076C88A /* FirebaseStorageCombine-Community */,
				A68F2503282F27C10076C88A /* RevenueCat */,
			);
			productName = "Blogging-App";
			productReference = A6422303282F03F900FEDFA6 /* Blogging-App.app */;
			productType = "com.apple.product-type.application";
		};
/* End PBXNativeTarget section */

/* Begin PBXProject section */
		A64222FB282F03F900FEDFA6 /* Project object */ = {
			isa = PBXProject;
			attributes = {
				BuildIndependentTargetsInParallel = 1;
				LastSwiftUpdateCheck = 1330;
				LastUpgradeCheck = 1330;
				TargetAttributes = {
					A6422302282F03F900FEDFA6 = {
						CreatedOnToolsVersion = 13.3.1;
					};
				};
			};
			buildConfigurationList = A64222FE282F03F900FEDFA6 /* Build configuration list for PBXProject "Blogging-App" */;
			compatibilityVersion = "Xcode 13.0";
			developmentRegion = en;
			hasScannedForEncodings = 0;
			knownRegions = (
				en,
				Base,
			);
			mainGroup = A64222FA282F03F900FEDFA6;
			packageReferences = (
				A68F24CB282F249A0076C88A /* XCRemoteSwiftPackageReference "firebase-ios-sdk" */,
				A68F2502282F27C10076C88A /* XCRemoteSwiftPackageReference "purchases-ios" */,
			);
			productRefGroup = A6422304282F03F900FEDFA6 /* Products */;
			projectDirPath = "";
			projectRoot = "";
			targets = (
				A6422302282F03F900FEDFA6 /* Blogging-App */,
			);
		};
/* End PBXProject section */

/* Begin PBXResourcesBuildPhase section */
		A6422301282F03F900FEDFA6 /* Resources */ = {
			isa = PBXResourcesBuildPhase;
			buildActionMask = 2147483647;
			files = (
				A6422313282F03FB00FEDFA6 /* LaunchScreen.storyboard in Resources */,
				A6422310282F03FB00FEDFA6 /* Assets.xcassets in Resources */,
				A68F24CA282F23850076C88A /* GoogleService-Info.plist in Resources */,
			);
			runOnlyForDeploymentPostprocessing = 0;
		};
/* End PBXResourcesBuildPhase section */

/* Begin PBXSourcesBuildPhase section */
		A64222FF282F03F900FEDFA6 /* Sources */ = {
			isa = PBXSourcesBuildPhase;
			buildActionMask = 2147483647;
			files = (
				A68F250628319DF80076C88A /* User.swift in Sources */,
				A6422326282F096700FEDFA6 /* SignUpViewController.swift in Sources */,
				A642232F282F0A6B00FEDFA6 /* DatabaseManager.swift in Sources */,
				A6422333282F0AB100FEDFA6 /* StorageManager.swift in Sources */,
				A68F250D2831A7B70076C88A /* SignInHeaderView.swift in Sources */,
				A6422320282F08B300FEDFA6 /* ProfileViewController.swift in Sources */,
				A6422328282F099E00FEDFA6 /* ViewPostViewController.swift in Sources */,
				A6422322282F090B00FEDFA6 /* TabBarController.swift in Sources */,
				A642230B282F03F900FEDFA6 /* HomeViewController.swift in Sources */,
				A68F250A2831A4CB0076C88A /* SignInView.swift in Sources */,
				A642232B282F09F200FEDFA6 /* CreateNewPostViewController.swift in Sources */,
				A6422331282F0A9000FEDFA6 /* AuthManager.swift in Sources */,
				A68F250828319E070076C88A /* BlogPost.swift in Sources */,
				A6422324282F093A00FEDFA6 /* SignInViewController.swift in Sources */,
				A6422307282F03F900FEDFA6 /* AppDelegate.swift in Sources */,
			);
			runOnlyForDeploymentPostprocessing = 0;
		};
/* End PBXSourcesBuildPhase section */

/* Begin PBXVariantGroup section */
		A6422311282F03FB00FEDFA6 /* LaunchScreen.storyboard */ = {
			isa = PBXVariantGroup;
			children = (
				A6422312282F03FB00FEDFA6 /* Base */,
			);
			name = LaunchScreen.storyboard;
			sourceTree = "<group>";
		};
/* End PBXVariantGroup section */

/* Begin XCBuildConfiguration section */
		A6422315282F03FB00FEDFA6 /* Debug */ = {
			isa = XCBuildConfiguration;
			buildSettings = {
				ALWAYS_SEARCH_USER_PATHS = NO;
				CLANG_ANALYZER_NONNULL = YES;
				CLANG_ANALYZER_NUMBER_OBJECT_CONVERSION = YES_AGGRESSIVE;
				CLANG_CXX_LANGUAGE_STANDARD = "gnu++17";
				CLANG_ENABLE_MODULES = YES;
				CLANG_ENABLE_OBJC_ARC = YES;
				CLANG_ENABLE_OBJC_WEAK = YES;
				CLANG_WARN_BLOCK_CAPTURE_AUTORELEASING = YES;
				CLANG_WARN_BOOL_CONVERSION = YES;
				CLANG_WARN_COMMA = YES;
				CLANG_WARN_CONSTANT_CONVERSION = YES;
				CLANG_WARN_DEPRECATED_OBJC_IMPLEMENTATIONS = YES;
				CLANG_WARN_DIRECT_OBJC_ISA_USAGE = YES_ERROR;
				CLANG_WARN_DOCUMENTATION_COMMENTS = YES;
				CLANG_WARN_EMPTY_BODY = YES;
				CLANG_WARN_ENUM_CONVERSION = YES;
				CLANG_WARN_INFINITE_RECURSION = YES;
				CLANG_WARN_INT_CONVERSION = YES;
				CLANG_WARN_NON_LITERAL_NULL_CONVERSION = YES;
				CLANG_WARN_OBJC_IMPLICIT_RETAIN_SELF = YES;
				CLANG_WARN_OBJC_LITERAL_CONVERSION = YES;
				CLANG_WARN_OBJC_ROOT_CLASS = YES_ERROR;
				CLANG_WARN_QUOTED_INCLUDE_IN_FRAMEWORK_HEADER = YES;
				CLANG_WARN_RANGE_LOOP_ANALYSIS = YES;
				CLANG_WARN_STRICT_PROTOTYPES = YES;
				CLANG_WARN_SUSPICIOUS_MOVE = YES;
				CLANG_WARN_UNGUARDED_AVAILABILITY = YES_AGGRESSIVE;
				CLANG_WARN_UNREACHABLE_CODE = YES;
				CLANG_WARN__DUPLICATE_METHOD_MATCH = YES;
				COPY_PHASE_STRIP = NO;
				DEBUG_INFORMATION_FORMAT = dwarf;
				ENABLE_STRICT_OBJC_MSGSEND = YES;
				ENABLE_TESTABILITY = YES;
				GCC_C_LANGUAGE_STANDARD = gnu11;
				GCC_DYNAMIC_NO_PIC = NO;
				GCC_NO_COMMON_BLOCKS = YES;
				GCC_OPTIMIZATION_LEVEL = 0;
				GCC_PREPROCESSOR_DEFINITIONS = (
					"DEBUG=1",
					"$(inherited)",
				);
				GCC_WARN_64_TO_32_BIT_CONVERSION = YES;
				GCC_WARN_ABOUT_RETURN_TYPE = YES_ERROR;
				GCC_WARN_UNDECLARED_SELECTOR = YES;
				GCC_WARN_UNINITIALIZED_AUTOS = YES_AGGRESSIVE;
				GCC_WARN_UNUSED_FUNCTION = YES;
				GCC_WARN_UNUSED_VARIABLE = YES;
				IPHONEOS_DEPLOYMENT_TARGET = 15.4;
				MTL_ENABLE_DEBUG_INFO = INCLUDE_SOURCE;
				MTL_FAST_MATH = YES;
				ONLY_ACTIVE_ARCH = YES;
				SDKROOT = iphoneos;
				SWIFT_ACTIVE_COMPILATION_CONDITIONS = DEBUG;
				SWIFT_OPTIMIZATION_LEVEL = "-Onone";
			};
			name = Debug;
		};
		A6422316282F03FB00FEDFA6 /* Release */ = {
			isa = XCBuildConfiguration;
			buildSettings = {
				ALWAYS_SEARCH_USER_PATHS = NO;
				CLANG_ANALYZER_NONNULL = YES;
				CLANG_ANALYZER_NUMBER_OBJECT_CONVERSION = YES_AGGRESSIVE;
				CLANG_CXX_LANGUAGE_STANDARD = "gnu++17";
				CLANG_ENABLE_MODULES = YES;
				CLANG_ENABLE_OBJC_ARC = YES;
				CLANG_ENABLE_OBJC_WEAK = YES;
				CLANG_WARN_BLOCK_CAPTURE_AUTORELEASING = YES;
				CLANG_WARN_BOOL_CONVERSION = YES;
				CLANG_WARN_COMMA = YES;
				CLANG_WARN_CONSTANT_CONVERSION = YES;
				CLANG_WARN_DEPRECATED_OBJC_IMPLEMENTATIONS = YES;
				CLANG_WARN_DIRECT_OBJC_ISA_USAGE = YES_ERROR;
				CLANG_WARN_DOCUMENTATION_COMMENTS = YES;
				CLANG_WARN_EMPTY_BODY = YES;
				CLANG_WARN_ENUM_CONVERSION = YES;
				CLANG_WARN_INFINITE_RECURSION = YES;
				CLANG_WARN_INT_CONVERSION = YES;
				CLANG_WARN_NON_LITERAL_NULL_CONVERSION = YES;
				CLANG_WARN_OBJC_IMPLICIT_RETAIN_SELF = YES;
				CLANG_WARN_OBJC_LITERAL_CONVERSION = YES;
				CLANG_WARN_OBJC_ROOT_CLASS = YES_ERROR;
				CLANG_WARN_QUOTED_INCLUDE_IN_FRAMEWORK_HEADER = YES;
				CLANG_WARN_RANGE_LOOP_ANALYSIS = YES;
				CLANG_WARN_STRICT_PROTOTYPES = YES;
				CLANG_WARN_SUSPICIOUS_MOVE = YES;
				CLANG_WARN_UNGUARDED_AVAILABILITY = YES_AGGRESSIVE;
				CLANG_WARN_UNREACHABLE_CODE = YES;
				CLANG_WARN__DUPLICATE_METHOD_MATCH = YES;
				COPY_PHASE_STRIP = NO;
				DEBUG_INFORMATION_FORMAT = "dwarf-with-dsym";
				ENABLE_NS_ASSERTIONS = NO;
				ENABLE_STRICT_OBJC_MSGSEND = YES;
				GCC_C_LANGUAGE_STANDARD = gnu11;
				GCC_NO_COMMON_BLOCKS = YES;
				GCC_WARN_64_TO_32_BIT_CONVERSION = YES;
				GCC_WARN_ABOUT_RETURN_TYPE = YES_ERROR;
				GCC_WARN_UNDECLARED_SELECTOR = YES;
				GCC_WARN_UNINITIALIZED_AUTOS = YES_AGGRESSIVE;
				GCC_WARN_UNUSED_FUNCTION = YES;
				GCC_WARN_UNUSED_VARIABLE = YES;
				IPHONEOS_DEPLOYMENT_TARGET = 15.4;
				MTL_ENABLE_DEBUG_INFO = NO;
				MTL_FAST_MATH = YES;
				SDKROOT = iphoneos;
				SWIFT_COMPILATION_MODE = wholemodule;
				SWIFT_OPTIMIZATION_LEVEL = "-O";
				VALIDATE_PRODUCT = YES;
			};
			name = Release;
		};
		A6422318282F03FB00FEDFA6 /* Debug */ = {
			isa = XCBuildConfiguration;
			buildSettings = {
				ASSETCATALOG_COMPILER_APPICON_NAME = AppIcon;
				ASSETCATALOG_COMPILER_GLOBAL_ACCENT_COLOR_NAME = AccentColor;
				CODE_SIGN_STYLE = Automatic;
				CURRENT_PROJECT_VERSION = 1;
				DEVELOPMENT_TEAM = BV5WQ2Z86J;
				GENERATE_INFOPLIST_FILE = YES;
				INFOPLIST_FILE = "Blogging-App/Info.plist";
				INFOPLIST_KEY_UIApplicationSupportsIndirectInputEvents = YES;
				INFOPLIST_KEY_UILaunchStoryboardName = LaunchScreen;
				INFOPLIST_KEY_UIMainStoryboardFile = "";
				INFOPLIST_KEY_UISupportedInterfaceOrientations = UIInterfaceOrientationPortrait;
				INFOPLIST_KEY_UISupportedInterfaceOrientations_iPad = "UIInterfaceOrientationPortrait UIInterfaceOrientationPortraitUpsideDown UIInterfaceOrientationLandscapeLeft UIInterfaceOrientationLandscapeRight";
				INFOPLIST_KEY_UISupportedInterfaceOrientations_iPhone = "UIInterfaceOrientationPortrait UIInterfaceOrientationLandscapeLeft UIInterfaceOrientationLandscapeRight";
				IPHONEOS_DEPLOYMENT_TARGET = 13.0;
				LD_RUNPATH_SEARCH_PATHS = (
					"$(inherited)",
					"@executable_path/Frameworks",
				);
				MARKETING_VERSION = 1.0;
				PRODUCT_BUNDLE_IDENTIFIER = "amanda-detofol-constante.Blogging-App";
				PRODUCT_NAME = "$(TARGET_NAME)";
				SWIFT_EMIT_LOC_STRINGS = YES;
				SWIFT_VERSION = 5.0;
				TARGETED_DEVICE_FAMILY = 1;
			};
			name = Debug;
		};
		A6422319282F03FB00FEDFA6 /* Release */ = {
			isa = XCBuildConfiguration;
			buildSettings = {
				ASSETCATALOG_COMPILER_APPICON_NAME = AppIcon;
				ASSETCATALOG_COMPILER_GLOBAL_ACCENT_COLOR_NAME = AccentColor;
				CODE_SIGN_STYLE = Automatic;
				CURRENT_PROJECT_VERSION = 1;
				DEVELOPMENT_TEAM = BV5WQ2Z86J;
				GENERATE_INFOPLIST_FILE = YES;
				INFOPLIST_FILE = "Blogging-App/Info.plist";
				INFOPLIST_KEY_UIApplicationSupportsIndirectInputEvents = YES;
				INFOPLIST_KEY_UILaunchStoryboardName = LaunchScreen;
				INFOPLIST_KEY_UIMainStoryboardFile = "";
				INFOPLIST_KEY_UISupportedInterfaceOrientations = UIInterfaceOrientationPortrait;
				INFOPLIST_KEY_UISupportedInterfaceOrientations_iPad = "UIInterfaceOrientationPortrait UIInterfaceOrientationPortraitUpsideDown UIInterfaceOrientationLandscapeLeft UIInterfaceOrientationLandscapeRight";
				INFOPLIST_KEY_UISupportedInterfaceOrientations_iPhone = "UIInterfaceOrientationPortrait UIInterfaceOrientationLandscapeLeft UIInterfaceOrientationLandscapeRight";
				IPHONEOS_DEPLOYMENT_TARGET = 13.0;
				LD_RUNPATH_SEARCH_PATHS = (
					"$(inherited)",
					"@executable_path/Frameworks",
				);
				MARKETING_VERSION = 1.0;
				PRODUCT_BUNDLE_IDENTIFIER = "amanda-detofol-constante.Blogging-App";
				PRODUCT_NAME = "$(TARGET_NAME)";
				SWIFT_EMIT_LOC_STRINGS = YES;
				SWIFT_VERSION = 5.0;
				TARGETED_DEVICE_FAMILY = 1;
			};
			name = Release;
		};
/* End XCBuildConfiguration section */

/* Begin XCConfigurationList section */
		A64222FE282F03F900FEDFA6 /* Build configuration list for PBXProject "Blogging-App" */ = {
			isa = XCConfigurationList;
			buildConfigurations = (
				A6422315282F03FB00FEDFA6 /* Debug */,
				A6422316282F03FB00FEDFA6 /* Release */,
			);
			defaultConfigurationIsVisible = 0;
			defaultConfigurationName = Release;
		};
		A6422317282F03FB00FEDFA6 /* Build configuration list for PBXNativeTarget "Blogging-App" */ = {
			isa = XCConfigurationList;
			buildConfigurations = (
				A6422318282F03FB00FEDFA6 /* Debug */,
				A6422319282F03FB00FEDFA6 /* Release */,
			);
			defaultConfigurationIsVisible = 0;
			defaultConfigurationName = Release;
		};
/* End XCConfigurationList section */

/* Begin XCRemoteSwiftPackageReference section */
		A68F24CB282F249A0076C88A /* XCRemoteSwiftPackageReference "firebase-ios-sdk" */ = {
			isa = XCRemoteSwiftPackageReference;
			repositoryURL = "https://github.com/firebase/firebase-ios-sdk";
			requirement = {
				kind = upToNextMajorVersion;
				minimumVersion = 9.0.0;
			};
		};
		A68F2502282F27C10076C88A /* XCRemoteSwiftPackageReference "purchases-ios" */ = {
			isa = XCRemoteSwiftPackageReference;
			repositoryURL = "https://github.com/RevenueCat/purchases-ios.git";
			requirement = {
				kind = upToNextMajorVersion;
				minimumVersion = 4.0.0;
			};
		};
/* End XCRemoteSwiftPackageReference section */

/* Begin XCSwiftPackageProductDependency section */
		A68F24CC282F249A0076C88A /* FirebaseAnalytics */ = {
			isa = XCSwiftPackageProductDependency;
			package = A68F24CB282F249A0076C88A /* XCRemoteSwiftPackageReference "firebase-ios-sdk" */;
			productName = FirebaseAnalytics;
		};
		A68F24CE282F249A0076C88A /* FirebaseAnalyticsOnDeviceConversion */ = {
			isa = XCSwiftPackageProductDependency;
			package = A68F24CB282F249A0076C88A /* XCRemoteSwiftPackageReference "firebase-ios-sdk" */;
			productName = FirebaseAnalyticsOnDeviceConversion;
		};
		A68F24D0282F249A0076C88A /* FirebaseAnalyticsSwift */ = {
			isa = XCSwiftPackageProductDependency;
			package = A68F24CB282F249A0076C88A /* XCRemoteSwiftPackageReference "firebase-ios-sdk" */;
			productName = FirebaseAnalyticsSwift;
		};
		A68F24D2282F249A0076C88A /* FirebaseAnalyticsWithoutAdIdSupport */ = {
			isa = XCSwiftPackageProductDependency;
			package = A68F24CB282F249A0076C88A /* XCRemoteSwiftPackageReference "firebase-ios-sdk" */;
			productName = FirebaseAnalyticsWithoutAdIdSupport;
		};
		A68F24D4282F249A0076C88A /* FirebaseAppCheck */ = {
			isa = XCSwiftPackageProductDependency;
			package = A68F24CB282F249A0076C88A /* XCRemoteSwiftPackageReference "firebase-ios-sdk" */;
			productName = FirebaseAppCheck;
		};
		A68F24D6282F249A0076C88A /* FirebaseAppDistribution-Beta */ = {
			isa = XCSwiftPackageProductDependency;
			package = A68F24CB282F249A0076C88A /* XCRemoteSwiftPackageReference "firebase-ios-sdk" */;
			productName = "FirebaseAppDistribution-Beta";
		};
		A68F24D8282F249A0076C88A /* FirebaseAuth */ = {
			isa = XCSwiftPackageProductDependency;
			package = A68F24CB282F249A0076C88A /* XCRemoteSwiftPackageReference "firebase-ios-sdk" */;
			productName = FirebaseAuth;
		};
		A68F24DA282F249A0076C88A /* FirebaseAuthCombine-Community */ = {
			isa = XCSwiftPackageProductDependency;
			package = A68F24CB282F249A0076C88A /* XCRemoteSwiftPackageReference "firebase-ios-sdk" */;
			productName = "FirebaseAuthCombine-Community";
		};
		A68F24DC282F249A0076C88A /* FirebaseCrashlytics */ = {
			isa = XCSwiftPackageProductDependency;
			package = A68F24CB282F249A0076C88A /* XCRemoteSwiftPackageReference "firebase-ios-sdk" */;
			productName = FirebaseCrashlytics;
		};
		A68F24DE282F249A0076C88A /* FirebaseDatabase */ = {
			isa = XCSwiftPackageProductDependency;
			package = A68F24CB282F249A0076C88A /* XCRemoteSwiftPackageReference "firebase-ios-sdk" */;
			productName = FirebaseDatabase;
		};
		A68F24E0282F249A0076C88A /* FirebaseDatabaseSwift */ = {
			isa = XCSwiftPackageProductDependency;
			package = A68F24CB282F249A0076C88A /* XCRemoteSwiftPackageReference "firebase-ios-sdk" */;
			productName = FirebaseDatabaseSwift;
		};
		A68F24E2282F249A0076C88A /* FirebaseDynamicLinks */ = {
			isa = XCSwiftPackageProductDependency;
			package = A68F24CB282F249A0076C88A /* XCRemoteSwiftPackageReference "firebase-ios-sdk" */;
			productName = FirebaseDynamicLinks;
		};
		A68F24E4282F249A0076C88A /* FirebaseFirestore */ = {
			isa = XCSwiftPackageProductDependency;
			package = A68F24CB282F249A0076C88A /* XCRemoteSwiftPackageReference "firebase-ios-sdk" */;
			productName = FirebaseFirestore;
		};
		A68F24E6282F249A0076C88A /* FirebaseFirestoreCombine-Community */ = {
			isa = XCSwiftPackageProductDependency;
			package = A68F24CB282F249A0076C88A /* XCRemoteSwiftPackageReference "firebase-ios-sdk" */;
			productName = "FirebaseFirestoreCombine-Community";
		};
		A68F24E8282F249A0076C88A /* FirebaseFirestoreSwift */ = {
			isa = XCSwiftPackageProductDependency;
			package = A68F24CB282F249A0076C88A /* XCRemoteSwiftPackageReference "firebase-ios-sdk" */;
			productName = FirebaseFirestoreSwift;
		};
		A68F24EA282F249A0076C88A /* FirebaseFunctions */ = {
			isa = XCSwiftPackageProductDependency;
			package = A68F24CB282F249A0076C88A /* XCRemoteSwiftPackageReference "firebase-ios-sdk" */;
			productName = FirebaseFunctions;
		};
		A68F24EC282F249A0076C88A /* FirebaseFunctionsCombine-Community */ = {
			isa = XCSwiftPackageProductDependency;
			package = A68F24CB282F249A0076C88A /* XCRemoteSwiftPackageReference "firebase-ios-sdk" */;
			productName = "FirebaseFunctionsCombine-Community";
		};
		A68F24EE282F249A0076C88A /* FirebaseInAppMessaging-Beta */ = {
			isa = XCSwiftPackageProductDependency;
			package = A68F24CB282F249A0076C88A /* XCRemoteSwiftPackageReference "firebase-ios-sdk" */;
			productName = "FirebaseInAppMessaging-Beta";
		};
		A68F24F0282F249A0076C88A /* FirebaseInAppMessagingSwift-Beta */ = {
			isa = XCSwiftPackageProductDependency;
			package = A68F24CB282F249A0076C88A /* XCRemoteSwiftPackageReference "firebase-ios-sdk" */;
			productName = "FirebaseInAppMessagingSwift-Beta";
		};
		A68F24F2282F249A0076C88A /* FirebaseInstallations */ = {
			isa = XCSwiftPackageProductDependency;
			package = A68F24CB282F249A0076C88A /* XCRemoteSwiftPackageReference "firebase-ios-sdk" */;
			productName = FirebaseInstallations;
		};
		A68F24F4282F249A0076C88A /* FirebaseMLModelDownloader */ = {
			isa = XCSwiftPackageProductDependency;
			package = A68F24CB282F249A0076C88A /* XCRemoteSwiftPackageReference "firebase-ios-sdk" */;
			productName = FirebaseMLModelDownloader;
		};
		A68F24F6282F249A0076C88A /* FirebaseMessaging */ = {
			isa = XCSwiftPackageProductDependency;
			package = A68F24CB282F249A0076C88A /* XCRemoteSwiftPackageReference "firebase-ios-sdk" */;
			productName = FirebaseMessaging;
		};
		A68F24F8282F249A0076C88A /* FirebasePerformance */ = {
			isa = XCSwiftPackageProductDependency;
			package = A68F24CB282F249A0076C88A /* XCRemoteSwiftPackageReference "firebase-ios-sdk" */;
			productName = FirebasePerformance;
		};
		A68F24FA282F249A0076C88A /* FirebaseRemoteConfig */ = {
			isa = XCSwiftPackageProductDependency;
			package = A68F24CB282F249A0076C88A /* XCRemoteSwiftPackageReference "firebase-ios-sdk" */;
			productName = FirebaseRemoteConfig;
		};
		A68F24FC282F249A0076C88A /* FirebaseRemoteConfigSwift */ = {
			isa = XCSwiftPackageProductDependency;
			package = A68F24CB282F249A0076C88A /* XCRemoteSwiftPackageReference "firebase-ios-sdk" */;
			productName = FirebaseRemoteConfigSwift;
		};
		A68F24FE282F249A0076C88A /* FirebaseStorage */ = {
			isa = XCSwiftPackageProductDependency;
			package = A68F24CB282F249A0076C88A /* XCRemoteSwiftPackageReference "firebase-ios-sdk" */;
			productName = FirebaseStorage;
		};
		A68F2500282F249A0076C88A /* FirebaseStorageCombine-Community */ = {
			isa = XCSwiftPackageProductDependency;
			package = A68F24CB282F249A0076C88A /* XCRemoteSwiftPackageReference "firebase-ios-sdk" */;
			productName = "FirebaseStorageCombine-Community";
		};
		A68F2503282F27C10076C88A /* RevenueCat */ = {
			isa = XCSwiftPackageProductDependency;
			package = A68F2502282F27C10076C88A /* XCRemoteSwiftPackageReference "purchases-ios" */;
			productName = RevenueCat;
		};
/* End XCSwiftPackageProductDependency section */
	};
	rootObject = A64222FB282F03F900FEDFA6 /* Project object */;
}
